
Microsoft Visual Studio Solution File, Format Version 12.00
# Visual Studio Version 17
VisualStudioVersion = 17.0.31903.59
MinimumVisualStudioVersion = 10.0.40219.1
Project("{FAE04EC0-301F-11D3-BF4B-00C04F79EFBC}") = "Lamdas", "Lamdas\Lamdas.csproj", "{79C9C5BC-FDB2-49C5-8F50-4E31F8EAC31D}"
EndProject
Project("{FAE04EC0-301F-11D3-BF4B-00C04F79EFBC}") = "ExtensionMethods", "ExtensionMethods\ExtensionMethods.csproj", "{5D3FDEF4-2FE4-443B-8D4F-17D50F027D42}"
EndProject
Project("{FAE04EC0-301F-11D3-BF4B-00C04F79EFBC}") = "Linq", "Linq\Linq.csproj", "{EF7BAE46-9297-482B-AD4E-C62C3EB9F343}"
EndProject
Global
	GlobalSection(SolutionConfigurationPlatforms) = preSolution
		Debug|Any CPU = Debug|Any CPU
		Release|Any CPU = Release|Any CPU
	EndGlobalSection
	GlobalSection(SolutionProperties) = preSolution
		HideSolutionNode = FALSE
	EndGlobalSection
	GlobalSection(ProjectConfigurationPlatforms) = postSolution
		{79C9C5BC-FDB2-49C5-8F50-4E31F8EAC31D}.Debug|Any CPU.ActiveCfg = Debug|Any CPU
		{79C9C5BC-FDB2-49C5-8F50-4E31F8EAC31D}.Debug|Any CPU.Build.0 = Debug|Any CPU
		{79C9C5BC-FDB2-49C5-8F50-4E31F8EAC31D}.Release|Any CPU.ActiveCfg = Release|Any CPU
		{79C9C5BC-FDB2-49C5-8F50-4E31F8EAC31D}.Release|Any CPU.Build.0 = Release|Any CPU
		{5D3FDEF4-2FE4-443B-8D4F-17D50F027D42}.Debug|Any CPU.ActiveCfg = Debug|Any CPU
		{5D3FDEF4-2FE4-443B-8D4F-17D50F027D42}.Debug|Any CPU.Build.0 = Debug|Any CPU
		{5D3FDEF4-2FE4-443B-8D4F-17D50F027D42}.Release|Any CPU.ActiveCfg = Release|Any CPU
		{5D3FDEF4-2FE4-443B-8D4F-17D50F027D42}.Release|Any CPU.Build.0 = Release|Any CPU
		{EF7BAE46-9297-482B-AD4E-C62C3EB9F343}.Debug|Any CPU.ActiveCfg = Debug|Any CPU
		{EF7BAE46-9297-482B-AD4E-C62C3EB9F343}.Debug|Any CPU.Build.0 = Debug|Any CPU
		{EF7BAE46-9297-482B-AD4E-C62C3EB9F343}.Release|Any CPU.ActiveCfg = Release|Any CPU
		{EF7BAE46-9297-482B-AD4E-C62C3EB9F343}.Release|Any CPU.Build.0 = Release|Any CPU
	EndGlobalSection
EndGlobal
