
Microsoft Visual Studio Solution File, Format Version 12.00
# Visual Studio Version 17
VisualStudioVersion = 17.5.002.0
MinimumVisualStudioVersion = 10.0.40219.1
Project("{9A19103F-16F7-4668-BE54-9A1E7A4F7556}") = "LongestSubstringNonRepeating", "LongestSubstringNonRepeating\LongestSubstringNonRepeating.csproj", "{599192A4-F53A-40DE-B561-66EA96E515FD}"
EndProject
Project("{FAE04EC0-301F-11D3-BF4B-00C04F79EFBC}") = "MedianOfTwoSortedArrays", "MedianOfTwoSortedArrays\MedianOfTwoSortedArrays.csproj", "{EC1868C7-29FB-4FFE-A746-D4C668D7C19D}"
EndProject
Global
	GlobalSection(SolutionConfigurationPlatforms) = preSolution
		Debug|Any CPU = Debug|Any CPU
		Release|Any CPU = Release|Any CPU
	EndGlobalSection
	GlobalSection(ProjectConfigurationPlatforms) = postSolution
		{599192A4-F53A-40DE-B561-66EA96E515FD}.Debug|Any CPU.ActiveCfg = Debug|Any CPU
		{599192A4-F53A-40DE-B561-66EA96E515FD}.Debug|Any CPU.Build.0 = Debug|Any CPU
		{599192A4-F53A-40DE-B561-66EA96E515FD}.Release|Any CPU.ActiveCfg = Release|Any CPU
		{599192A4-F53A-40DE-B561-66EA96E515FD}.Release|Any CPU.Build.0 = Release|Any CPU
		{EC1868C7-29FB-4FFE-A746-D4C668D7C19D}.Debug|Any CPU.ActiveCfg = Debug|Any CPU
		{EC1868C7-29FB-4FFE-A746-D4C668D7C19D}.Debug|Any CPU.Build.0 = Debug|Any CPU
		{EC1868C7-29FB-4FFE-A746-D4C668D7C19D}.Release|Any CPU.ActiveCfg = Release|Any CPU
		{EC1868C7-29FB-4FFE-A746-D4C668D7C19D}.Release|Any CPU.Build.0 = Release|Any CPU
	EndGlobalSection
	GlobalSection(SolutionProperties) = preSolution
		HideSolutionNode = FALSE
	EndGlobalSection
	GlobalSection(ExtensibilityGlobals) = postSolution
		SolutionGuid = {9FD49ECC-CC33-4B62-BC00-08CBAEC1200D}
	EndGlobalSection
EndGlobal
