
Microsoft Visual Studio Solution File, Format Version 12.00
# Visual Studio Version 17
VisualStudioVersion = 17.0.31903.59
MinimumVisualStudioVersion = 10.0.40219.1
Project("{FAE04EC0-301F-11D3-BF4B-00C04F79EFBC}") = "Averages", "Averages\Averages.csproj", "{B8678B78-5A2C-4404-B66A-1D9643DCE0E2}"
EndProject
Project("{FAE04EC0-301F-11D3-BF4B-00C04F79EFBC}") = "Averages.Tests", "Averages.Tests\Averages.Tests.csproj", "{38ED67C0-4D9C-44C8-A1DE-BDAA15C44BD9}"
EndProject
Global
	GlobalSection(SolutionConfigurationPlatforms) = preSolution
		Debug|Any CPU = Debug|Any CPU
		Release|Any CPU = Release|Any CPU
	EndGlobalSection
	GlobalSection(SolutionProperties) = preSolution
		HideSolutionNode = FALSE
	EndGlobalSection
	GlobalSection(ProjectConfigurationPlatforms) = postSolution
		{B8678B78-5A2C-4404-B66A-1D9643DCE0E2}.Debug|Any CPU.ActiveCfg = Debug|Any CPU
		{B8678B78-5A2C-4404-B66A-1D9643DCE0E2}.Debug|Any CPU.Build.0 = Debug|Any CPU
		{B8678B78-5A2C-4404-B66A-1D9643DCE0E2}.Release|Any CPU.ActiveCfg = Release|Any CPU
		{B8678B78-5A2C-4404-B66A-1D9643DCE0E2}.Release|Any CPU.Build.0 = Release|Any CPU
		{38ED67C0-4D9C-44C8-A1DE-BDAA15C44BD9}.Debug|Any CPU.ActiveCfg = Debug|Any CPU
		{38ED67C0-4D9C-44C8-A1DE-BDAA15C44BD9}.Debug|Any CPU.Build.0 = Debug|Any CPU
		{38ED67C0-4D9C-44C8-A1DE-BDAA15C44BD9}.Release|Any CPU.ActiveCfg = Release|Any CPU
		{38ED67C0-4D9C-44C8-A1DE-BDAA15C44BD9}.Release|Any CPU.Build.0 = Release|Any CPU
	EndGlobalSection
EndGlobal
